
Microsoft Visual Studio Solution File, Format Version 12.00
# Visual Studio 15
VisualStudioVersion = 15.0.28010.2036
MinimumVisualStudioVersion = 10.0.40219.1
Project("{FAE04EC0-301F-11D3-BF4B-00C04F79EFBC}") = "medMeanConcept", "ConsoleApp1\medMeanConcept.csproj", "{8FD68D8B-ECED-426F-BD6B-F1FB666830A3}"
EndProject
Global
	GlobalSection(SolutionConfigurationPlatforms) = preSolution
		Debug|Any CPU = Debug|Any CPU
		Release|Any CPU = Release|Any CPU
	EndGlobalSection
	GlobalSection(ProjectConfigurationPlatforms) = postSolution
		{8FD68D8B-ECED-426F-BD6B-F1FB666830A3}.Debug|Any CPU.ActiveCfg = Debug|Any CPU
		{8FD68D8B-ECED-426F-BD6B-F1FB666830A3}.Debug|Any CPU.Build.0 = Debug|Any CPU
		{8FD68D8B-ECED-426F-BD6B-F1FB666830A3}.Release|Any CPU.ActiveCfg = Release|Any CPU
		{8FD68D8B-ECED-426F-BD6B-F1FB666830A3}.Release|Any CPU.Build.0 = Release|Any CPU
	EndGlobalSection
	GlobalSection(SolutionProperties) = preSolution
		HideSolutionNode = FALSE
	EndGlobalSection
	GlobalSection(ExtensibilityGlobals) = postSolution
		SolutionGuid = {D5D08F3F-BF67-4468-9493-1485256CD3E2}
	EndGlobalSection
EndGlobal
